# This file is automatically @generated by Cargo.
# It is not intended for manual editing.
[[package]]
name = "nds"
version = "0.1.0"
source = "git+https://github.com/BlueTheDuck/nds-rs.git#f89c7c5bae70350c42dfd03c18381e3c4b61d371"
dependencies = [
 "nds-sys",
]

[[package]]
name = "nds-sys"
version = "0.1.0"
source = "git+https://github.com/BlueTheDuck/nds-rs.git#f89c7c5bae70350c42dfd03c18381e3c4b61d371"

[[package]]
name = "rust-nds-template"
version = "0.1.0"
dependencies = [
 "nds",
]
